
Microsoft Visual Studio Solution File, Format Version 12.00
# Visual Studio 15
VisualStudioVersion = 15.0.28010.2048
MinimumVisualStudioVersion = 10.0.40219.1
Project("{FAE04EC0-301F-11D3-BF4B-00C04F79EFBC}") = "PseudoInverse", "PseudoInverse\PseudoInverse.csproj", "{A007C50A-2312-40A4-9AD2-9A5A8DAF3407}"
EndProject
Global
	GlobalSection(SolutionConfigurationPlatforms) = preSolution
		Debug|Any CPU = Debug|Any CPU
		Release|Any CPU = Release|Any CPU
	EndGlobalSection
	GlobalSection(ProjectConfigurationPlatforms) = postSolution
		{A007C50A-2312-40A4-9AD2-9A5A8DAF3407}.Debug|Any CPU.ActiveCfg = Debug|Any CPU
		{A007C50A-2312-40A4-9AD2-9A5A8DAF3407}.Debug|Any CPU.Build.0 = Debug|Any CPU
		{A007C50A-2312-40A4-9AD2-9A5A8DAF3407}.Release|Any CPU.ActiveCfg = Release|Any CPU
		{A007C50A-2312-40A4-9AD2-9A5A8DAF3407}.Release|Any CPU.Build.0 = Release|Any CPU
	EndGlobalSection
	GlobalSection(SolutionProperties) = preSolution
		HideSolutionNode = FALSE
	EndGlobalSection
	GlobalSection(ExtensibilityGlobals) = postSolution
		SolutionGuid = {491329B4-99E7-4901-BF73-8E3FC87559FD}
	EndGlobalSection
EndGlobal
